
Microsoft Visual Studio Solution File, Format Version 12.00
Project("{2150E333-8FDC-42A3-9474-1A3956D46DE8}") = "src", "src", "{B015F31C-E35B-4D8F-9831-2724AE5D500D}"
EndProject
Project("{FAE04EC0-301F-11D3-BF4B-00C04F79EFBC}") = "Protobuf.NET", "Protobuf.NET\Protobuf.NET.csproj", "{7FFC09CE-8435-474C-81AA-7EBDF2707569}"
EndProject
Project("{FAE04EC0-301F-11D3-BF4B-00C04F79EFBC}") = "Protobuf.Core", "Protobuf.Core\Protobuf.Core.csproj", "{39561D5D-2010-48DA-B145-30798144259D}"
EndProject
Project("{2150E333-8FDC-42A3-9474-1A3956D46DE8}") = "test", "test", "{B0F298B1-0FE8-47E8-A3F3-AC85045F88FA}"
EndProject
Project("{FAE04EC0-301F-11D3-BF4B-00C04F79EFBC}") = "Protobuf.Core.Tests", "Protobuf.Core.Tests\Protobuf.Core.Tests.csproj", "{DD54D490-0E50-4BAE-97E6-C0A73C741C4A}"
EndProject
Project("{FAE04EC0-301F-11D3-BF4B-00C04F79EFBC}") = "Protobuf.Parser", "Protobuf.Parser\Protobuf.Parser.csproj", "{C92380E3-7B2A-409E-84BF-E3C39867D159}"
EndProject
Project("{FAE04EC0-301F-11D3-BF4B-00C04F79EFBC}") = "Protobuf.Parser.Tests", "Protobuf.Parser.Tests\Protobuf.Parser.Tests.csproj", "{F07078AB-6552-4623-9376-5787149FBEAC}"
EndProject
Global
	GlobalSection(SolutionConfigurationPlatforms) = preSolution
		Debug|Any CPU = Debug|Any CPU
		Release|Any CPU = Release|Any CPU
	EndGlobalSection
	GlobalSection(NestedProjects) = preSolution
		{7FFC09CE-8435-474C-81AA-7EBDF2707569} = {B015F31C-E35B-4D8F-9831-2724AE5D500D}
		{39561D5D-2010-48DA-B145-30798144259D} = {B015F31C-E35B-4D8F-9831-2724AE5D500D}
		{DD54D490-0E50-4BAE-97E6-C0A73C741C4A} = {B0F298B1-0FE8-47E8-A3F3-AC85045F88FA}
		{C92380E3-7B2A-409E-84BF-E3C39867D159} = {B015F31C-E35B-4D8F-9831-2724AE5D500D}
		{F07078AB-6552-4623-9376-5787149FBEAC} = {B0F298B1-0FE8-47E8-A3F3-AC85045F88FA}
	EndGlobalSection
	GlobalSection(ProjectConfigurationPlatforms) = postSolution
		{7FFC09CE-8435-474C-81AA-7EBDF2707569}.Debug|Any CPU.ActiveCfg = Debug|Any CPU
		{7FFC09CE-8435-474C-81AA-7EBDF2707569}.Debug|Any CPU.Build.0 = Debug|Any CPU
		{7FFC09CE-8435-474C-81AA-7EBDF2707569}.Release|Any CPU.ActiveCfg = Release|Any CPU
		{7FFC09CE-8435-474C-81AA-7EBDF2707569}.Release|Any CPU.Build.0 = Release|Any CPU
		{39561D5D-2010-48DA-B145-30798144259D}.Debug|Any CPU.ActiveCfg = Debug|Any CPU
		{39561D5D-2010-48DA-B145-30798144259D}.Debug|Any CPU.Build.0 = Debug|Any CPU
		{39561D5D-2010-48DA-B145-30798144259D}.Release|Any CPU.ActiveCfg = Release|Any CPU
		{39561D5D-2010-48DA-B145-30798144259D}.Release|Any CPU.Build.0 = Release|Any CPU
		{DD54D490-0E50-4BAE-97E6-C0A73C741C4A}.Debug|Any CPU.ActiveCfg = Debug|Any CPU
		{DD54D490-0E50-4BAE-97E6-C0A73C741C4A}.Debug|Any CPU.Build.0 = Debug|Any CPU
		{DD54D490-0E50-4BAE-97E6-C0A73C741C4A}.Release|Any CPU.ActiveCfg = Release|Any CPU
		{DD54D490-0E50-4BAE-97E6-C0A73C741C4A}.Release|Any CPU.Build.0 = Release|Any CPU
		{C92380E3-7B2A-409E-84BF-E3C39867D159}.Debug|Any CPU.ActiveCfg = Debug|Any CPU
		{C92380E3-7B2A-409E-84BF-E3C39867D159}.Debug|Any CPU.Build.0 = Debug|Any CPU
		{C92380E3-7B2A-409E-84BF-E3C39867D159}.Release|Any CPU.ActiveCfg = Release|Any CPU
		{C92380E3-7B2A-409E-84BF-E3C39867D159}.Release|Any CPU.Build.0 = Release|Any CPU
		{F07078AB-6552-4623-9376-5787149FBEAC}.Debug|Any CPU.ActiveCfg = Debug|Any CPU
		{F07078AB-6552-4623-9376-5787149FBEAC}.Debug|Any CPU.Build.0 = Debug|Any CPU
		{F07078AB-6552-4623-9376-5787149FBEAC}.Release|Any CPU.ActiveCfg = Release|Any CPU
		{F07078AB-6552-4623-9376-5787149FBEAC}.Release|Any CPU.Build.0 = Release|Any CPU
	EndGlobalSection
EndGlobal
